
Microsoft Visual Studio Solution File, Format Version 12.00
# Visual Studio Version 16
VisualStudioVersion = 16.0.30128.74
MinimumVisualStudioVersion = 10.0.40219.1
Project("{FAE04EC0-301F-11D3-BF4B-00C04F79EFBC}") = "AnalizadorSIC_GRAFICO", "AnalizadorSIC_GRAFICO\AnalizadorSIC_GRAFICO.csproj", "{191CB4C0-9902-4BCD-928F-EA1DC07D1CC8}"
EndProject
Project("{54435603-DBB4-11D2-8724-00A0C9A8B90C}") = "Setup1", "Setup1\Setup1.vdproj", "{ADE57862-B5E9-4938-BEBF-472085249655}"
EndProject
Global
	GlobalSection(SolutionConfigurationPlatforms) = preSolution
		Debug|Any CPU = Debug|Any CPU
		Release|Any CPU = Release|Any CPU
	EndGlobalSection
	GlobalSection(ProjectConfigurationPlatforms) = postSolution
		{191CB4C0-9902-4BCD-928F-EA1DC07D1CC8}.Debug|Any CPU.ActiveCfg = Debug|Any CPU
		{191CB4C0-9902-4BCD-928F-EA1DC07D1CC8}.Debug|Any CPU.Build.0 = Debug|Any CPU
		{191CB4C0-9902-4BCD-928F-EA1DC07D1CC8}.Release|Any CPU.ActiveCfg = Release|Any CPU
		{191CB4C0-9902-4BCD-928F-EA1DC07D1CC8}.Release|Any CPU.Build.0 = Release|Any CPU
		{ADE57862-B5E9-4938-BEBF-472085249655}.Debug|Any CPU.ActiveCfg = Debug
		{ADE57862-B5E9-4938-BEBF-472085249655}.Release|Any CPU.ActiveCfg = Release
	EndGlobalSection
	GlobalSection(SolutionProperties) = preSolution
		HideSolutionNode = FALSE
	EndGlobalSection
	GlobalSection(ExtensibilityGlobals) = postSolution
		SolutionGuid = {852EE4C2-68E2-427C-A279-F84687C9F1A6}
	EndGlobalSection
EndGlobal
